
Microsoft Visual Studio Solution File, Format Version 12.00
# Visual Studio Version 17
VisualStudioVersion = 17.6.33723.286
MinimumVisualStudioVersion = 10.0.40219.1
Project("{FAE04EC0-301F-11D3-BF4B-00C04F79EFBC}") = "MatchGame", "MatchGame.csproj", "{C6140D47-CF44-4613-9CC8-18571A7CECB9}"
EndProject
Global
	GlobalSection(SolutionConfigurationPlatforms) = preSolution
		Debug|Any CPU = Debug|Any CPU
		Release|Any CPU = Release|Any CPU
	EndGlobalSection
	GlobalSection(ProjectConfigurationPlatforms) = postSolution
		{C6140D47-CF44-4613-9CC8-18571A7CECB9}.Debug|Any CPU.ActiveCfg = Debug|Any CPU
		{C6140D47-CF44-4613-9CC8-18571A7CECB9}.Debug|Any CPU.Build.0 = Debug|Any CPU
		{C6140D47-CF44-4613-9CC8-18571A7CECB9}.Release|Any CPU.ActiveCfg = Release|Any CPU
		{C6140D47-CF44-4613-9CC8-18571A7CECB9}.Release|Any CPU.Build.0 = Release|Any CPU
	EndGlobalSection
	GlobalSection(SolutionProperties) = preSolution
		HideSolutionNode = FALSE
	EndGlobalSection
	GlobalSection(ExtensibilityGlobals) = postSolution
		SolutionGuid = {705822D1-AABA-46BF-A70A-F9A16378D45F}
	EndGlobalSection
EndGlobal
